
Microsoft Visual Studio Solution File, Format Version 12.00
# Visual Studio Version 17
VisualStudioVersion = 17.8.34322.80
MinimumVisualStudioVersion = 10.0.40219.1
Project("{FAE04EC0-301F-11D3-BF4B-00C04F79EFBC}") = "Client", "ConsoleApp2\Client.csproj", "{816B86E4-6F98-40E5-B606-31A3F3F4FD4F}"
EndProject
Project("{FAE04EC0-301F-11D3-BF4B-00C04F79EFBC}") = "GUI", "GUI\GUI.csproj", "{7417B11A-94A3-473F-91D6-29A86337BDA7}"
EndProject
Global
	GlobalSection(SolutionConfigurationPlatforms) = preSolution
		Debug|Any CPU = Debug|Any CPU
		Release|Any CPU = Release|Any CPU
	EndGlobalSection
	GlobalSection(ProjectConfigurationPlatforms) = postSolution
		{816B86E4-6F98-40E5-B606-31A3F3F4FD4F}.Debug|Any CPU.ActiveCfg = Debug|Any CPU
		{816B86E4-6F98-40E5-B606-31A3F3F4FD4F}.Debug|Any CPU.Build.0 = Debug|Any CPU
		{816B86E4-6F98-40E5-B606-31A3F3F4FD4F}.Release|Any CPU.ActiveCfg = Release|Any CPU
		{816B86E4-6F98-40E5-B606-31A3F3F4FD4F}.Release|Any CPU.Build.0 = Release|Any CPU
		{7417B11A-94A3-473F-91D6-29A86337BDA7}.Debug|Any CPU.ActiveCfg = Debug|Any CPU
		{7417B11A-94A3-473F-91D6-29A86337BDA7}.Debug|Any CPU.Build.0 = Debug|Any CPU
		{7417B11A-94A3-473F-91D6-29A86337BDA7}.Release|Any CPU.ActiveCfg = Release|Any CPU
		{7417B11A-94A3-473F-91D6-29A86337BDA7}.Release|Any CPU.Build.0 = Release|Any CPU
	EndGlobalSection
	GlobalSection(SolutionProperties) = preSolution
		HideSolutionNode = FALSE
	EndGlobalSection
	GlobalSection(ExtensibilityGlobals) = postSolution
		SolutionGuid = {10A59CEE-ACDD-4A99-B5F9-425D4B9A1D81}
	EndGlobalSection
EndGlobal
